// !$*UTF8*$!
{
	archiveVersion = 1;
	classes = {
	};
	objectVersion = 48;
	objects = {

/* Begin PBXBuildFile section */
		040194E21FA7DD5D00EDD1F0 /* TargetParameters.swift in Sources */ = {isa = PBXBuildFile; fileRef = 040194E11FA7DD5D00EDD1F0 /* TargetParameters.swift */; };
		04359DAC1FAA8488007E1452 /* HomeCommand.swift in Sources */ = {isa = PBXBuildFile; fileRef = 04359DAB1FAA8487007E1452 /* HomeCommand.swift */; };
		04359DB01FAA8A7C007E1452 /* PrimitiveSequence+Result.swift in Sources */ = {isa = PBXBuildFile; fileRef = 04359DAF1FAA8A7C007E1452 /* PrimitiveSequence+Result.swift */; };
		04359DB31FAA8BA0007E1452 /* ListPopularMovieCommand.swift in Sources */ = {isa = PBXBuildFile; fileRef = 04359DB21FAA8BA0007E1452 /* ListPopularMovieCommand.swift */; };
		04359DB51FAA9203007E1452 /* MovieGatewayFactory.swift in Sources */ = {isa = PBXBuildFile; fileRef = 04359DB41FAA9203007E1452 /* MovieGatewayFactory.swift */; };
		04359DB91FAA93F7007E1452 /* MovieMoyaGateway.swift in Sources */ = {isa = PBXBuildFile; fileRef = 04359DB81FAA93F7007E1452 /* MovieMoyaGateway.swift */; };
		04359DBB1FAA9456007E1452 /* ConfigurationGateway.swift in Sources */ = {isa = PBXBuildFile; fileRef = 04359DBA1FAA9456007E1452 /* ConfigurationGateway.swift */; };
		04359DBD1FAA946A007E1452 /* MoyaGateway.swift in Sources */ = {isa = PBXBuildFile; fileRef = 04359DBC1FAA946A007E1452 /* MoyaGateway.swift */; };
		04359DBF1FAA94AE007E1452 /* ConfigurationMoyaGateway.swift in Sources */ = {isa = PBXBuildFile; fileRef = 04359DBE1FAA94AE007E1452 /* ConfigurationMoyaGateway.swift */; };
		04359DC11FAA952E007E1452 /* ConfigurationGatewayFactory.swift in Sources */ = {isa = PBXBuildFile; fileRef = 04359DC01FAA952E007E1452 /* ConfigurationGatewayFactory.swift */; };
		04359DCB1FAA9D76007E1452 /* HomeStateFactory.swift in Sources */ = {isa = PBXBuildFile; fileRef = 04359DCA1FAA9D76007E1452 /* HomeStateFactory.swift */; };
		0475506D1FA782C700FAE551 /* RxSwift.framework in Frameworks */ = {isa = PBXBuildFile; fileRef = 047550671FA782C700FAE551 /* RxSwift.framework */; };
		0475506E1FA782C700FAE551 /* Alamofire.framework in Frameworks */ = {isa = PBXBuildFile; fileRef = 047550681FA782C700FAE551 /* Alamofire.framework */; };
		0475506F1FA782C700FAE551 /* RxCocoa.framework in Frameworks */ = {isa = PBXBuildFile; fileRef = 047550691FA782C700FAE551 /* RxCocoa.framework */; };
		047550701FA782C700FAE551 /* Result.framework in Frameworks */ = {isa = PBXBuildFile; fileRef = 0475506A1FA782C700FAE551 /* Result.framework */; };
		047550711FA782C700FAE551 /* Moya.framework in Frameworks */ = {isa = PBXBuildFile; fileRef = 0475506B1FA782C700FAE551 /* Moya.framework */; };
		047550721FA782C700FAE551 /* RxMoya.framework in Frameworks */ = {isa = PBXBuildFile; fileRef = 0475506C1FA782C700FAE551 /* RxMoya.framework */; };
		047550771FA78AAB00FAE551 /* NSObject_Rx.framework in Frameworks */ = {isa = PBXBuildFile; fileRef = 047550761FA78AAB00FAE551 /* NSObject_Rx.framework */; };
		049F16E11FA7961B00A5D280 /* ImageConfiguration.swift in Sources */ = {isa = PBXBuildFile; fileRef = 049F16E01FA7961B00A5D280 /* ImageConfiguration.swift */; };
		049F16E31FA7988A00A5D280 /* Configuration.swift in Sources */ = {isa = PBXBuildFile; fileRef = 049F16E21FA7988A00A5D280 /* Configuration.swift */; };
		049F16E51FA799BF00A5D280 /* MovieDetail.swift in Sources */ = {isa = PBXBuildFile; fileRef = 049F16E41FA799BF00A5D280 /* MovieDetail.swift */; };
		049F16E71FA7A20E00A5D280 /* Genre.swift in Sources */ = {isa = PBXBuildFile; fileRef = 049F16E61FA7A20E00A5D280 /* Genre.swift */; };
		049F16E91FA7A3F400A5D280 /* Company.swift in Sources */ = {isa = PBXBuildFile; fileRef = 049F16E81FA7A3F400A5D280 /* Company.swift */; };
		049F16EB1FA7A5E800A5D280 /* Country.swift in Sources */ = {isa = PBXBuildFile; fileRef = 049F16EA1FA7A5E800A5D280 /* Country.swift */; };
		049F16ED1FA7A64100A5D280 /* Language.swift in Sources */ = {isa = PBXBuildFile; fileRef = 049F16EC1FA7A64100A5D280 /* Language.swift */; };
		049F16EF1FA7A8B400A5D280 /* Movie.swift in Sources */ = {isa = PBXBuildFile; fileRef = 049F16EE1FA7A8B400A5D280 /* Movie.swift */; };
		049F16F11FA7ABB400A5D280 /* DateRange.swift in Sources */ = {isa = PBXBuildFile; fileRef = 049F16F01FA7ABB400A5D280 /* DateRange.swift */; };
		049F16F31FA7AE5B00A5D280 /* Page.swift in Sources */ = {isa = PBXBuildFile; fileRef = 049F16F21FA7AE5B00A5D280 /* Page.swift */; };
		049F16F51FA7AF2600A5D280 /* PageDate.swift in Sources */ = {isa = PBXBuildFile; fileRef = 049F16F41FA7AF2600A5D280 /* PageDate.swift */; };
		049F16F81FA7B0ED00A5D280 /* MovieTarget.swift in Sources */ = {isa = PBXBuildFile; fileRef = 049F16F71FA7B0ED00A5D280 /* MovieTarget.swift */; };
		049F16FA1FA7B16500A5D280 /* ConfigurationTarget.swift in Sources */ = {isa = PBXBuildFile; fileRef = 049F16F91FA7B16500A5D280 /* ConfigurationTarget.swift */; };
		049F16FD1FA7B2CF00A5D280 /* Environment.swift in Sources */ = {isa = PBXBuildFile; fileRef = 049F16FC1FA7B2CF00A5D280 /* Environment.swift */; };
		049F17001FA7C57A00A5D280 /* BaseTarget.swift in Sources */ = {isa = PBXBuildFile; fileRef = 049F16FF1FA7C57A00A5D280 /* BaseTarget.swift */; };
		049F17041FA7D0B700A5D280 /* Functions.swift in Sources */ = {isa = PBXBuildFile; fileRef = 049F17031FA7D0B700A5D280 /* Functions.swift */; };
		04BF57361FA76A92000B1914 /* AppDelegate.swift in Sources */ = {isa = PBXBuildFile; fileRef = 04BF57351FA76A92000B1914 /* AppDelegate.swift */; };
		04BF57381FA76A92000B1914 /* HomeViewController.swift in Sources */ = {isa = PBXBuildFile; fileRef = 04BF57371FA76A92000B1914 /* HomeViewController.swift */; };
		04BF573B1FA76A92000B1914 /* Main.storyboard in Resources */ = {isa = PBXBuildFile; fileRef = 04BF57391FA76A92000B1914 /* Main.storyboard */; };
		04BF573D1FA76A92000B1914 /* Assets.xcassets in Resources */ = {isa = PBXBuildFile; fileRef = 04BF573C1FA76A92000B1914 /* Assets.xcassets */; };
		04BF57401FA76A92000B1914 /* LaunchScreen.storyboard in Resources */ = {isa = PBXBuildFile; fileRef = 04BF573E1FA76A92000B1914 /* LaunchScreen.storyboard */; };
		04BF574B1FA76A92000B1914 /* TheMovieDBTests.swift in Sources */ = {isa = PBXBuildFile; fileRef = 04BF574A1FA76A92000B1914 /* TheMovieDBTests.swift */; };
		04BF57561FA76A92000B1914 /* TheMovieDBUITests.swift in Sources */ = {isa = PBXBuildFile; fileRef = 04BF57551FA76A92000B1914 /* TheMovieDBUITests.swift */; };
		530C47A71FABF549006A1C78 /* PrimitiveSequence+RetryWhen.swift in Sources */ = {isa = PBXBuildFile; fileRef = 530C47A61FABF549006A1C78 /* PrimitiveSequence+RetryWhen.swift */; };
		5359D5891FAAE272004A0C95 /* ListTopRatedMovieCommand.swift in Sources */ = {isa = PBXBuildFile; fileRef = 5359D5881FAAE272004A0C95 /* ListTopRatedMovieCommand.swift */; };
		5359D58B1FAAE36A004A0C95 /* ListUpcomingMovieCommand.swift in Sources */ = {isa = PBXBuildFile; fileRef = 5359D58A1FAAE36A004A0C95 /* ListUpcomingMovieCommand.swift */; };
		5359D58D1FAAE434004A0C95 /* ListDetailMovieCommand.swift in Sources */ = {isa = PBXBuildFile; fileRef = 5359D58C1FAAE434004A0C95 /* ListDetailMovieCommand.swift */; };
		5359D58F1FAAE4C3004A0C95 /* ListNowPlayingMovieCommand.swift in Sources */ = {isa = PBXBuildFile; fileRef = 5359D58E1FAAE4C3004A0C95 /* ListNowPlayingMovieCommand.swift */; };
		5359D5911FAAE524004A0C95 /* ListConfigurationCommand.swift in Sources */ = {isa = PBXBuildFile; fileRef = 5359D5901FAAE524004A0C95 /* ListConfigurationCommand.swift */; };
		5359D5931FAB7869004A0C95 /* ObservableType+Int.swift in Sources */ = {isa = PBXBuildFile; fileRef = 5359D5921FAB7869004A0C95 /* ObservableType+Int.swift */; };
		5359D5951FAB9753004A0C95 /* Typealiases.swift in Sources */ = {isa = PBXBuildFile; fileRef = 5359D5941FAB9753004A0C95 /* Typealiases.swift */; };
		53763A141FA82FE10096B2C7 /* RxFeedback.framework in Frameworks */ = {isa = PBXBuildFile; fileRef = 53763A131FA82FE10096B2C7 /* RxFeedback.framework */; };
		53763A191FA834AD0096B2C7 /* HomeEvent.swift in Sources */ = {isa = PBXBuildFile; fileRef = 53763A181FA834AD0096B2C7 /* HomeEvent.swift */; };
		53763A1B1FA835590096B2C7 /* HomeState.swift in Sources */ = {isa = PBXBuildFile; fileRef = 53763A1A1FA835590096B2C7 /* HomeState.swift */; };
		53763A1E1FA83AB00096B2C7 /* Result.swift in Sources */ = {isa = PBXBuildFile; fileRef = 53763A1D1FA83AB00096B2C7 /* Result.swift */; };
		53763A201FA83B630096B2C7 /* MovieError.swift in Sources */ = {isa = PBXBuildFile; fileRef = 53763A1F1FA83B620096B2C7 /* MovieError.swift */; };
		53763A231FA8429B0096B2C7 /* HomeFeedback.swift in Sources */ = {isa = PBXBuildFile; fileRef = 53763A221FA8429B0096B2C7 /* HomeFeedback.swift */; };
		53763A291FA855E50096B2C7 /* ControlEvent+Signal.swift in Sources */ = {isa = PBXBuildFile; fileRef = 53763A281FA855E50096B2C7 /* ControlEvent+Signal.swift */; };
		5380173C1FA95DC90083EB66 /* MovieGateway.swift in Sources */ = {isa = PBXBuildFile; fileRef = 5380173B1FA95DC90083EB66 /* MovieGateway.swift */; };
/* End PBXBuildFile section */

/* Begin PBXContainerItemProxy section */
		04BF57471FA76A92000B1914 /* PBXContainerItemProxy */ = {
			isa = PBXContainerItemProxy;
			containerPortal = 04BF572A1FA76A92000B1914 /* Project object */;
			proxyType = 1;
			remoteGlobalIDString = 04BF57311FA76A92000B1914;
			remoteInfo = TheMovieDB;
		};
		04BF57521FA76A92000B1914 /* PBXContainerItemProxy */ = {
			isa = PBXContainerItemProxy;
			containerPortal = 04BF572A1FA76A92000B1914 /* Project object */;
			proxyType = 1;
			remoteGlobalIDString = 04BF57311FA76A92000B1914;
			remoteInfo = TheMovieDB;
		};
/* End PBXContainerItemProxy section */

/* Begin PBXFileReference section */
		040194E11FA7DD5D00EDD1F0 /* TargetParameters.swift */ = {isa = PBXFileReference; lastKnownFileType = sourcecode.swift; path = TargetParameters.swift; sourceTree = "<group>"; };
		04359DAB1FAA8487007E1452 /* HomeCommand.swift */ = {isa = PBXFileReference; fileEncoding = 4; lastKnownFileType = sourcecode.swift; path = HomeCommand.swift; sourceTree = "<group>"; };
		04359DAF1FAA8A7C007E1452 /* PrimitiveSequence+Result.swift */ = {isa = PBXFileReference; lastKnownFileType = sourcecode.swift; path = "PrimitiveSequence+Result.swift"; sourceTree = "<group>"; };
		04359DB21FAA8BA0007E1452 /* ListPopularMovieCommand.swift */ = {isa = PBXFileReference; lastKnownFileType = sourcecode.swift; path = ListPopularMovieCommand.swift; sourceTree = "<group>"; };
		04359DB41FAA9203007E1452 /* MovieGatewayFactory.swift */ = {isa = PBXFileReference; lastKnownFileType = sourcecode.swift; path = MovieGatewayFactory.swift; sourceTree = "<group>"; };
		04359DB81FAA93F7007E1452 /* MovieMoyaGateway.swift */ = {isa = PBXFileReference; lastKnownFileType = sourcecode.swift; path = MovieMoyaGateway.swift; sourceTree = "<group>"; };
		04359DBA1FAA9456007E1452 /* ConfigurationGateway.swift */ = {isa = PBXFileReference; lastKnownFileType = sourcecode.swift; path = ConfigurationGateway.swift; sourceTree = "<group>"; };
		04359DBC1FAA946A007E1452 /* MoyaGateway.swift */ = {isa = PBXFileReference; lastKnownFileType = sourcecode.swift; path = MoyaGateway.swift; sourceTree = "<group>"; };
		04359DBE1FAA94AE007E1452 /* ConfigurationMoyaGateway.swift */ = {isa = PBXFileReference; lastKnownFileType = sourcecode.swift; path = ConfigurationMoyaGateway.swift; sourceTree = "<group>"; };
		04359DC01FAA952E007E1452 /* ConfigurationGatewayFactory.swift */ = {isa = PBXFileReference; lastKnownFileType = sourcecode.swift; path = ConfigurationGatewayFactory.swift; sourceTree = "<group>"; };
		04359DCA1FAA9D76007E1452 /* HomeStateFactory.swift */ = {isa = PBXFileReference; fileEncoding = 4; lastKnownFileType = sourcecode.swift; path = HomeStateFactory.swift; sourceTree = "<group>"; };
		047550671FA782C700FAE551 /* RxSwift.framework */ = {isa = PBXFileReference; lastKnownFileType = wrapper.framework; name = RxSwift.framework; path = Carthage/Build/iOS/RxSwift.framework; sourceTree = "<group>"; };
		047550681FA782C700FAE551 /* Alamofire.framework */ = {isa = PBXFileReference; lastKnownFileType = wrapper.framework; name = Alamofire.framework; path = Carthage/Build/iOS/Alamofire.framework; sourceTree = "<group>"; };
		047550691FA782C700FAE551 /* RxCocoa.framework */ = {isa = PBXFileReference; lastKnownFileType = wrapper.framework; name = RxCocoa.framework; path = Carthage/Build/iOS/RxCocoa.framework; sourceTree = "<group>"; };
		0475506A1FA782C700FAE551 /* Result.framework */ = {isa = PBXFileReference; lastKnownFileType = wrapper.framework; name = Result.framework; path = Carthage/Build/iOS/Result.framework; sourceTree = "<group>"; };
		0475506B1FA782C700FAE551 /* Moya.framework */ = {isa = PBXFileReference; lastKnownFileType = wrapper.framework; name = Moya.framework; path = Carthage/Build/iOS/Moya.framework; sourceTree = "<group>"; };
		0475506C1FA782C700FAE551 /* RxMoya.framework */ = {isa = PBXFileReference; lastKnownFileType = wrapper.framework; name = RxMoya.framework; path = Carthage/Build/iOS/RxMoya.framework; sourceTree = "<group>"; };
		047550761FA78AAB00FAE551 /* NSObject_Rx.framework */ = {isa = PBXFileReference; lastKnownFileType = wrapper.framework; name = NSObject_Rx.framework; path = Carthage/Build/iOS/NSObject_Rx.framework; sourceTree = "<group>"; };
		049F16E01FA7961B00A5D280 /* ImageConfiguration.swift */ = {isa = PBXFileReference; lastKnownFileType = sourcecode.swift; path = ImageConfiguration.swift; sourceTree = "<group>"; };
		049F16E21FA7988A00A5D280 /* Configuration.swift */ = {isa = PBXFileReference; lastKnownFileType = sourcecode.swift; path = Configuration.swift; sourceTree = "<group>"; };
		049F16E41FA799BF00A5D280 /* MovieDetail.swift */ = {isa = PBXFileReference; lastKnownFileType = sourcecode.swift; path = MovieDetail.swift; sourceTree = "<group>"; };
		049F16E61FA7A20E00A5D280 /* Genre.swift */ = {isa = PBXFileReference; lastKnownFileType = sourcecode.swift; path = Genre.swift; sourceTree = "<group>"; };
		049F16E81FA7A3F400A5D280 /* Company.swift */ = {isa = PBXFileReference; lastKnownFileType = sourcecode.swift; path = Company.swift; sourceTree = "<group>"; };
		049F16EA1FA7A5E800A5D280 /* Country.swift */ = {isa = PBXFileReference; lastKnownFileType = sourcecode.swift; path = Country.swift; sourceTree = "<group>"; };
		049F16EC1FA7A64100A5D280 /* Language.swift */ = {isa = PBXFileReference; lastKnownFileType = sourcecode.swift; path = Language.swift; sourceTree = "<group>"; };
		049F16EE1FA7A8B400A5D280 /* Movie.swift */ = {isa = PBXFileReference; lastKnownFileType = sourcecode.swift; path = Movie.swift; sourceTree = "<group>"; };
		049F16F01FA7ABB400A5D280 /* DateRange.swift */ = {isa = PBXFileReference; lastKnownFileType = sourcecode.swift; path = DateRange.swift; sourceTree = "<group>"; };
		049F16F21FA7AE5B00A5D280 /* Page.swift */ = {isa = PBXFileReference; lastKnownFileType = sourcecode.swift; path = Page.swift; sourceTree = "<group>"; };
		049F16F41FA7AF2600A5D280 /* PageDate.swift */ = {isa = PBXFileReference; lastKnownFileType = sourcecode.swift; path = PageDate.swift; sourceTree = "<group>"; };
		049F16F71FA7B0ED00A5D280 /* MovieTarget.swift */ = {isa = PBXFileReference; lastKnownFileType = sourcecode.swift; path = MovieTarget.swift; sourceTree = "<group>"; };
		049F16F91FA7B16500A5D280 /* ConfigurationTarget.swift */ = {isa = PBXFileReference; lastKnownFileType = sourcecode.swift; path = ConfigurationTarget.swift; sourceTree = "<group>"; };
		049F16FC1FA7B2CF00A5D280 /* Environment.swift */ = {isa = PBXFileReference; lastKnownFileType = sourcecode.swift; path = Environment.swift; sourceTree = "<group>"; };
		049F16FF1FA7C57A00A5D280 /* BaseTarget.swift */ = {isa = PBXFileReference; lastKnownFileType = sourcecode.swift; path = BaseTarget.swift; sourceTree = "<group>"; };
		049F17011FA7CAFE00A5D280 /* RxCache.framework */ = {isa = PBXFileReference; lastKnownFileType = wrapper.framework; name = RxCache.framework; path = Carthage/Build/iOS/RxCache.framework; sourceTree = "<group>"; };
		049F17031FA7D0B700A5D280 /* Functions.swift */ = {isa = PBXFileReference; lastKnownFileType = sourcecode.swift; path = Functions.swift; sourceTree = "<group>"; };
		04BF57321FA76A92000B1914 /* TheMovieDB.app */ = {isa = PBXFileReference; explicitFileType = wrapper.application; includeInIndex = 0; path = TheMovieDB.app; sourceTree = BUILT_PRODUCTS_DIR; };
		04BF57351FA76A92000B1914 /* AppDelegate.swift */ = {isa = PBXFileReference; lastKnownFileType = sourcecode.swift; path = AppDelegate.swift; sourceTree = "<group>"; };
		04BF57371FA76A92000B1914 /* HomeViewController.swift */ = {isa = PBXFileReference; lastKnownFileType = sourcecode.swift; path = HomeViewController.swift; sourceTree = "<group>"; };
		04BF573A1FA76A92000B1914 /* Base */ = {isa = PBXFileReference; lastKnownFileType = file.storyboard; name = Base; path = Base.lproj/Main.storyboard; sourceTree = "<group>"; };
		04BF573C1FA76A92000B1914 /* Assets.xcassets */ = {isa = PBXFileReference; lastKnownFileType = folder.assetcatalog; path = Assets.xcassets; sourceTree = "<group>"; };
		04BF573F1FA76A92000B1914 /* Base */ = {isa = PBXFileReference; lastKnownFileType = file.storyboard; name = Base; path = Base.lproj/LaunchScreen.storyboard; sourceTree = "<group>"; };
		04BF57411FA76A92000B1914 /* Info.plist */ = {isa = PBXFileReference; lastKnownFileType = text.plist.xml; path = Info.plist; sourceTree = "<group>"; };
		04BF57461FA76A92000B1914 /* TheMovieDBTests.xctest */ = {isa = PBXFileReference; explicitFileType = wrapper.cfbundle; includeInIndex = 0; path = TheMovieDBTests.xctest; sourceTree = BUILT_PRODUCTS_DIR; };
		04BF574A1FA76A92000B1914 /* TheMovieDBTests.swift */ = {isa = PBXFileReference; lastKnownFileType = sourcecode.swift; path = TheMovieDBTests.swift; sourceTree = "<group>"; };
		04BF574C1FA76A92000B1914 /* Info.plist */ = {isa = PBXFileReference; lastKnownFileType = text.plist.xml; path = Info.plist; sourceTree = "<group>"; };
		04BF57511FA76A92000B1914 /* TheMovieDBUITests.xctest */ = {isa = PBXFileReference; explicitFileType = wrapper.cfbundle; includeInIndex = 0; path = TheMovieDBUITests.xctest; sourceTree = BUILT_PRODUCTS_DIR; };
		04BF57551FA76A92000B1914 /* TheMovieDBUITests.swift */ = {isa = PBXFileReference; lastKnownFileType = sourcecode.swift; path = TheMovieDBUITests.swift; sourceTree = "<group>"; };
		04BF57571FA76A92000B1914 /* Info.plist */ = {isa = PBXFileReference; lastKnownFileType = text.plist.xml; path = Info.plist; sourceTree = "<group>"; };
		530C47A61FABF549006A1C78 /* PrimitiveSequence+RetryWhen.swift */ = {isa = PBXFileReference; lastKnownFileType = sourcecode.swift; path = "PrimitiveSequence+RetryWhen.swift"; sourceTree = "<group>"; };
		5359D5881FAAE272004A0C95 /* ListTopRatedMovieCommand.swift */ = {isa = PBXFileReference; lastKnownFileType = sourcecode.swift; path = ListTopRatedMovieCommand.swift; sourceTree = "<group>"; };
		5359D58A1FAAE36A004A0C95 /* ListUpcomingMovieCommand.swift */ = {isa = PBXFileReference; lastKnownFileType = sourcecode.swift; path = ListUpcomingMovieCommand.swift; sourceTree = "<group>"; };
		5359D58C1FAAE434004A0C95 /* ListDetailMovieCommand.swift */ = {isa = PBXFileReference; lastKnownFileType = sourcecode.swift; path = ListDetailMovieCommand.swift; sourceTree = "<group>"; };
		5359D58E1FAAE4C3004A0C95 /* ListNowPlayingMovieCommand.swift */ = {isa = PBXFileReference; lastKnownFileType = sourcecode.swift; path = ListNowPlayingMovieCommand.swift; sourceTree = "<group>"; };
		5359D5901FAAE524004A0C95 /* ListConfigurationCommand.swift */ = {isa = PBXFileReference; lastKnownFileType = sourcecode.swift; path = ListConfigurationCommand.swift; sourceTree = "<group>"; };
		5359D5921FAB7869004A0C95 /* ObservableType+Int.swift */ = {isa = PBXFileReference; lastKnownFileType = sourcecode.swift; path = "ObservableType+Int.swift"; sourceTree = "<group>"; };
		5359D5941FAB9753004A0C95 /* Typealiases.swift */ = {isa = PBXFileReference; lastKnownFileType = sourcecode.swift; path = Typealiases.swift; sourceTree = "<group>"; };
		53763A131FA82FE10096B2C7 /* RxFeedback.framework */ = {isa = PBXFileReference; lastKnownFileType = wrapper.framework; name = RxFeedback.framework; path = Carthage/Build/iOS/RxFeedback.framework; sourceTree = "<group>"; };
		53763A181FA834AD0096B2C7 /* HomeEvent.swift */ = {isa = PBXFileReference; lastKnownFileType = sourcecode.swift; path = HomeEvent.swift; sourceTree = "<group>"; };
		53763A1A1FA835590096B2C7 /* HomeState.swift */ = {isa = PBXFileReference; lastKnownFileType = sourcecode.swift; path = HomeState.swift; sourceTree = "<group>"; };
		53763A1D1FA83AB00096B2C7 /* Result.swift */ = {isa = PBXFileReference; lastKnownFileType = sourcecode.swift; path = Result.swift; sourceTree = "<group>"; };
		53763A1F1FA83B620096B2C7 /* MovieError.swift */ = {isa = PBXFileReference; lastKnownFileType = sourcecode.swift; path = MovieError.swift; sourceTree = "<group>"; };
		53763A221FA8429B0096B2C7 /* HomeFeedback.swift */ = {isa = PBXFileReference; lastKnownFileType = sourcecode.swift; path = HomeFeedback.swift; sourceTree = "<group>"; };
		53763A281FA855E50096B2C7 /* ControlEvent+Signal.swift */ = {isa = PBXFileReference; lastKnownFileType = sourcecode.swift; path = "ControlEvent+Signal.swift"; sourceTree = "<group>"; };
		5380173B1FA95DC90083EB66 /* MovieGateway.swift */ = {isa = PBXFileReference; lastKnownFileType = sourcecode.swift; path = MovieGateway.swift; sourceTree = "<group>"; };
/* End PBXFileReference section */

/* Begin PBXFrameworksBuildPhase section */
		04BF572F1FA76A92000B1914 /* Frameworks */ = {
			isa = PBXFrameworksBuildPhase;
			buildActionMask = 2147483647;
			files = (
				0475506F1FA782C700FAE551 /* RxCocoa.framework in Frameworks */,
				53763A141FA82FE10096B2C7 /* RxFeedback.framework in Frameworks */,
				047550771FA78AAB00FAE551 /* NSObject_Rx.framework in Frameworks */,
				0475506D1FA782C700FAE551 /* RxSwift.framework in Frameworks */,
				0475506E1FA782C700FAE551 /* Alamofire.framework in Frameworks */,
				047550701FA782C700FAE551 /* Result.framework in Frameworks */,
				047550711FA782C700FAE551 /* Moya.framework in Frameworks */,
				047550721FA782C700FAE551 /* RxMoya.framework in Frameworks */,
			);
			runOnlyForDeploymentPostprocessing = 0;
		};
		04BF57431FA76A92000B1914 /* Frameworks */ = {
			isa = PBXFrameworksBuildPhase;
			buildActionMask = 2147483647;
			files = (
			);
			runOnlyForDeploymentPostprocessing = 0;
		};
		04BF574E1FA76A92000B1914 /* Frameworks */ = {
			isa = PBXFrameworksBuildPhase;
			buildActionMask = 2147483647;
			files = (
			);
			runOnlyForDeploymentPostprocessing = 0;
		};
/* End PBXFrameworksBuildPhase section */

/* Begin PBXGroup section */
		04359DAA1FAA8487007E1452 /* Commands */ = {
			isa = PBXGroup;
			children = (
				04359DAB1FAA8487007E1452 /* HomeCommand.swift */,
				04359DB11FAA8B85007E1452 /* Implementations */,
			);
			path = Commands;
			sourceTree = "<group>";
		};
		04359DB11FAA8B85007E1452 /* Implementations */ = {
			isa = PBXGroup;
			children = (
				5359D5901FAAE524004A0C95 /* ListConfigurationCommand.swift */,
				5359D58C1FAAE434004A0C95 /* ListDetailMovieCommand.swift */,
				5359D58E1FAAE4C3004A0C95 /* ListNowPlayingMovieCommand.swift */,
				04359DB21FAA8BA0007E1452 /* ListPopularMovieCommand.swift */,
				5359D5881FAAE272004A0C95 /* ListTopRatedMovieCommand.swift */,
				5359D58A1FAAE36A004A0C95 /* ListUpcomingMovieCommand.swift */,
			);
			path = Implementations;
			sourceTree = "<group>";
		};
		04359DB61FAA9283007E1452 /* Gateways */ = {
			isa = PBXGroup;
			children = (
				04359DC01FAA952E007E1452 /* ConfigurationGatewayFactory.swift */,
				04359DB41FAA9203007E1452 /* MovieGatewayFactory.swift */,
			);
			path = Gateways;
			sourceTree = "<group>";
		};
		04359DB71FAA93C5007E1452 /* Implementations */ = {
			isa = PBXGroup;
			children = (
				04359DBE1FAA94AE007E1452 /* ConfigurationMoyaGateway.swift */,
				04359DB81FAA93F7007E1452 /* MovieMoyaGateway.swift */,
			);
			path = Implementations;
			sourceTree = "<group>";
		};
		04359DC91FAA9D76007E1452 /* States */ = {
			isa = PBXGroup;
			children = (
				04359DCA1FAA9D76007E1452 /* HomeStateFactory.swift */,
			);
			path = States;
			sourceTree = "<group>";
		};
		047550661FA782C600FAE551 /* Frameworks */ = {
			isa = PBXGroup;
			children = (
				53763A131FA82FE10096B2C7 /* RxFeedback.framework */,
				049F17011FA7CAFE00A5D280 /* RxCache.framework */,
				047550761FA78AAB00FAE551 /* NSObject_Rx.framework */,
				047550681FA782C700FAE551 /* Alamofire.framework */,
				0475506B1FA782C700FAE551 /* Moya.framework */,
				0475506A1FA782C700FAE551 /* Result.framework */,
				047550691FA782C700FAE551 /* RxCocoa.framework */,
				0475506C1FA782C700FAE551 /* RxMoya.framework */,
				047550671FA782C700FAE551 /* RxSwift.framework */,
			);
			name = Frameworks;
			sourceTree = "<group>";
		};
		049F16DF1FA7956500A5D280 /* Models */ = {
			isa = PBXGroup;
			children = (
				049F16E81FA7A3F400A5D280 /* Company.swift */,
				049F16E21FA7988A00A5D280 /* Configuration.swift */,
				049F16EA1FA7A5E800A5D280 /* Country.swift */,
				049F16F01FA7ABB400A5D280 /* DateRange.swift */,
				049F16E61FA7A20E00A5D280 /* Genre.swift */,
				049F16E01FA7961B00A5D280 /* ImageConfiguration.swift */,
				049F16EC1FA7A64100A5D280 /* Language.swift */,
				049F16EE1FA7A8B400A5D280 /* Movie.swift */,
				049F16E41FA799BF00A5D280 /* MovieDetail.swift */,
				049F16F21FA7AE5B00A5D280 /* Page.swift */,
				049F16F41FA7AF2600A5D280 /* PageDate.swift */,
			);
			path = Models;
			sourceTree = "<group>";
		};
		049F16F61FA7B03700A5D280 /* Networking */ = {
			isa = PBXGroup;
			children = (
				049F16FF1FA7C57A00A5D280 /* BaseTarget.swift */,
				049F16F91FA7B16500A5D280 /* ConfigurationTarget.swift */,
				049F16F71FA7B0ED00A5D280 /* MovieTarget.swift */,
				040194E11FA7DD5D00EDD1F0 /* TargetParameters.swift */,
			);
			path = Networking;
			sourceTree = "<group>";
		};
		049F16FB1FA7B26E00A5D280 /* Utilities */ = {
			isa = PBXGroup;
			children = (
				049F16FC1FA7B2CF00A5D280 /* Environment.swift */,
				049F17031FA7D0B700A5D280 /* Functions.swift */,
				53763A1D1FA83AB00096B2C7 /* Result.swift */,
				5359D5941FAB9753004A0C95 /* Typealiases.swift */,
			);
			path = Utilities;
			sourceTree = "<group>";
		};
		04BF57291FA76A92000B1914 = {
			isa = PBXGroup;
			children = (
				04BF57341FA76A92000B1914 /* TheMovieDB */,
				04BF57491FA76A92000B1914 /* TheMovieDBTests */,
				04BF57541FA76A92000B1914 /* TheMovieDBUITests */,
				04BF57331FA76A92000B1914 /* Products */,
				047550661FA782C600FAE551 /* Frameworks */,
			);
			sourceTree = "<group>";
		};
		04BF57331FA76A92000B1914 /* Products */ = {
			isa = PBXGroup;
			children = (
				04BF57321FA76A92000B1914 /* TheMovieDB.app */,
				04BF57461FA76A92000B1914 /* TheMovieDBTests.xctest */,
				04BF57511FA76A92000B1914 /* TheMovieDBUITests.xctest */,
			);
			name = Products;
			sourceTree = "<group>";
		};
		04BF57341FA76A92000B1914 /* TheMovieDB */ = {
			isa = PBXGroup;
			children = (
				5377720A1FAC02FD00BE1AA7 /* Commons */,
				04BF57631FA76DE3000B1914 /* Essentials */,
				537772081FAC022600BE1AA7 /* Features */,
			);
			path = TheMovieDB;
			sourceTree = "<group>";
		};
		04BF57491FA76A92000B1914 /* TheMovieDBTests */ = {
			isa = PBXGroup;
			children = (
				04BF574A1FA76A92000B1914 /* TheMovieDBTests.swift */,
				04BF574C1FA76A92000B1914 /* Info.plist */,
			);
			path = TheMovieDBTests;
			sourceTree = "<group>";
		};
		04BF57541FA76A92000B1914 /* TheMovieDBUITests */ = {
			isa = PBXGroup;
			children = (
				04BF57551FA76A92000B1914 /* TheMovieDBUITests.swift */,
				04BF57571FA76A92000B1914 /* Info.plist */,
			);
			path = TheMovieDBUITests;
			sourceTree = "<group>";
		};
		04BF57631FA76DE3000B1914 /* Essentials */ = {
			isa = PBXGroup;
			children = (
				04BF57351FA76A92000B1914 /* AppDelegate.swift */,
				04BF573C1FA76A92000B1914 /* Assets.xcassets */,
				04BF57411FA76A92000B1914 /* Info.plist */,
				04BF573E1FA76A92000B1914 /* LaunchScreen.storyboard */,
			);
			path = Essentials;
			sourceTree = "<group>";
		};
		04BF57641FA76DE9000B1914 /* Controllers */ = {
			isa = PBXGroup;
			children = (
				04BF57371FA76A92000B1914 /* HomeViewController.swift */,
			);
			path = Controllers;
			sourceTree = "<group>";
		};
		04BF57661FA76E48000B1914 /* Storyboards */ = {
			isa = PBXGroup;
			children = (
				04BF57391FA76A92000B1914 /* Main.storyboard */,
			);
			path = Storyboards;
			sourceTree = "<group>";
		};
		53763A161FA8344D0096B2C7 /* States */ = {
			isa = PBXGroup;
			children = (
				53763A1A1FA835590096B2C7 /* HomeState.swift */,
			);
			path = States;
			sourceTree = "<group>";
		};
		53763A171FA834530096B2C7 /* Events */ = {
			isa = PBXGroup;
			children = (
				53763A181FA834AD0096B2C7 /* HomeEvent.swift */,
			);
			path = Events;
			sourceTree = "<group>";
		};
		53763A1C1FA838250096B2C7 /* Errors */ = {
			isa = PBXGroup;
			children = (
				53763A1F1FA83B620096B2C7 /* MovieError.swift */,
			);
			path = Errors;
			sourceTree = "<group>";
		};
		53763A211FA842900096B2C7 /* Feedbacks */ = {
			isa = PBXGroup;
			children = (
				53763A221FA8429B0096B2C7 /* HomeFeedback.swift */,
			);
			path = Feedbacks;
			sourceTree = "<group>";
		};
		53763A271FA855CB0096B2C7 /* Extensions */ = {
			isa = PBXGroup;
			children = (
				53763A281FA855E50096B2C7 /* ControlEvent+Signal.swift */,
				5359D5921FAB7869004A0C95 /* ObservableType+Int.swift */,
				04359DAF1FAA8A7C007E1452 /* PrimitiveSequence+Result.swift */,
				530C47A61FABF549006A1C78 /* PrimitiveSequence+RetryWhen.swift */,
			);
			path = Extensions;
			sourceTree = "<group>";
		};
		53763A2A1FA85B4C0096B2C7 /* Factories */ = {
			isa = PBXGroup;
			children = (
				04359DC91FAA9D76007E1452 /* States */,
				04359DB61FAA9283007E1452 /* Gateways */,
			);
			path = Factories;
			sourceTree = "<group>";
		};
		537772081FAC022600BE1AA7 /* Features */ = {
			isa = PBXGroup;
			children = (
				537772091FAC025900BE1AA7 /* Home */,
			);
			path = Features;
			sourceTree = "<group>";
		};
		537772091FAC025900BE1AA7 /* Home */ = {
			isa = PBXGroup;
			children = (
				04359DAA1FAA8487007E1452 /* Commands */,
				04BF57641FA76DE9000B1914 /* Controllers */,
				53763A171FA834530096B2C7 /* Events */,
				53763A2A1FA85B4C0096B2C7 /* Factories */,
				53763A211FA842900096B2C7 /* Feedbacks */,
				5380173A1FA95D400083EB66 /* Gateways */,
				53763A161FA8344D0096B2C7 /* States */,
			);
			path = Home;
			sourceTree = "<group>";
		};
		5377720A1FAC02FD00BE1AA7 /* Commons */ = {
			isa = PBXGroup;
			children = (
				53763A1C1FA838250096B2C7 /* Errors */,
				53763A271FA855CB0096B2C7 /* Extensions */,
				5377720B1FAC10DB00BE1AA7 /* Gateways */,
				049F16DF1FA7956500A5D280 /* Models */,
				049F16F61FA7B03700A5D280 /* Networking */,
				04BF57661FA76E48000B1914 /* Storyboards */,
				049F16FB1FA7B26E00A5D280 /* Utilities */,
			);
			path = Commons;
			sourceTree = "<group>";
		};
		5377720B1FAC10DB00BE1AA7 /* Gateways */ = {
			isa = PBXGroup;
			children = (
				04359DBC1FAA946A007E1452 /* MoyaGateway.swift */,
			);
			path = Gateways;
			sourceTree = "<group>";
		};
		5380173A1FA95D400083EB66 /* Gateways */ = {
			isa = PBXGroup;
			children = (
				04359DBA1FAA9456007E1452 /* ConfigurationGateway.swift */,
				5380173B1FA95DC90083EB66 /* MovieGateway.swift */,
				04359DB71FAA93C5007E1452 /* Implementations */,
			);
			path = Gateways;
			sourceTree = "<group>";
		};
/* End PBXGroup section */

/* Begin PBXNativeTarget section */
		04BF57311FA76A92000B1914 /* TheMovieDB */ = {
			isa = PBXNativeTarget;
			buildConfigurationList = 04BF575A1FA76A92000B1914 /* Build configuration list for PBXNativeTarget "TheMovieDB" */;
			buildPhases = (
				047550741FA782F100FAE551 /* Carthage */,
				04BF572E1FA76A92000B1914 /* Sources */,
				04BF572F1FA76A92000B1914 /* Frameworks */,
				04BF57301FA76A92000B1914 /* Resources */,
			);
			buildRules = (
			);
			dependencies = (
			);
			name = TheMovieDB;
			productName = TheMovieDB;
			productReference = 04BF57321FA76A92000B1914 /* TheMovieDB.app */;
			productType = "com.apple.product-type.application";
		};
		04BF57451FA76A92000B1914 /* TheMovieDBTests */ = {
			isa = PBXNativeTarget;
			buildConfigurationList = 04BF575D1FA76A92000B1914 /* Build configuration list for PBXNativeTarget "TheMovieDBTests" */;
			buildPhases = (
				04BF57421FA76A92000B1914 /* Sources */,
				04BF57431FA76A92000B1914 /* Frameworks */,
				04BF57441FA76A92000B1914 /* Resources */,
			);
			buildRules = (
			);
			dependencies = (
				04BF57481FA76A92000B1914 /* PBXTargetDependency */,
			);
			name = TheMovieDBTests;
			productName = TheMovieDBTests;
			productReference = 04BF57461FA76A92000B1914 /* TheMovieDBTests.xctest */;
			productType = "com.apple.product-type.bundle.unit-test";
		};
		04BF57501FA76A92000B1914 /* TheMovieDBUITests */ = {
			isa = PBXNativeTarget;
			buildConfigurationList = 04BF57601FA76A92000B1914 /* Build configuration list for PBXNativeTarget "TheMovieDBUITests" */;
			buildPhases = (
				04BF574D1FA76A92000B1914 /* Sources */,
				04BF574E1FA76A92000B1914 /* Frameworks */,
				04BF574F1FA76A92000B1914 /* Resources */,
			);
			buildRules = (
			);
			dependencies = (
				04BF57531FA76A92000B1914 /* PBXTargetDependency */,
			);
			name = TheMovieDBUITests;
			productName = TheMovieDBUITests;
			productReference = 04BF57511FA76A92000B1914 /* TheMovieDBUITests.xctest */;
			productType = "com.apple.product-type.bundle.ui-testing";
		};
/* End PBXNativeTarget section */

/* Begin PBXProject section */
		04BF572A1FA76A92000B1914 /* Project object */ = {
			isa = PBXProject;
			attributes = {
				LastSwiftUpdateCheck = 0900;
				LastUpgradeCheck = 0900;
				ORGANIZATIONNAME = "Swift Yah";
				TargetAttributes = {
					04BF57311FA76A92000B1914 = {
						CreatedOnToolsVersion = 9.0;
						ProvisioningStyle = Automatic;
					};
					04BF57451FA76A92000B1914 = {
						CreatedOnToolsVersion = 9.0;
						ProvisioningStyle = Automatic;
						TestTargetID = 04BF57311FA76A92000B1914;
					};
					04BF57501FA76A92000B1914 = {
						CreatedOnToolsVersion = 9.0;
						ProvisioningStyle = Automatic;
						TestTargetID = 04BF57311FA76A92000B1914;
					};
				};
			};
			buildConfigurationList = 04BF572D1FA76A92000B1914 /* Build configuration list for PBXProject "TheMovieDB" */;
			compatibilityVersion = "Xcode 8.0";
			developmentRegion = en;
			hasScannedForEncodings = 0;
			knownRegions = (
				en,
				Base,
			);
			mainGroup = 04BF57291FA76A92000B1914;
			productRefGroup = 04BF57331FA76A92000B1914 /* Products */;
			projectDirPath = "";
			projectRoot = "";
			targets = (
				04BF57311FA76A92000B1914 /* TheMovieDB */,
				04BF57451FA76A92000B1914 /* TheMovieDBTests */,
				04BF57501FA76A92000B1914 /* TheMovieDBUITests */,
			);
		};
/* End PBXProject section */

/* Begin PBXResourcesBuildPhase section */
		04BF57301FA76A92000B1914 /* Resources */ = {
			isa = PBXResourcesBuildPhase;
			buildActionMask = 2147483647;
			files = (
				04BF57401FA76A92000B1914 /* LaunchScreen.storyboard in Resources */,
				04BF573D1FA76A92000B1914 /* Assets.xcassets in Resources */,
				04BF573B1FA76A92000B1914 /* Main.storyboard in Resources */,
			);
			runOnlyForDeploymentPostprocessing = 0;
		};
		04BF57441FA76A92000B1914 /* Resources */ = {
			isa = PBXResourcesBuildPhase;
			buildActionMask = 2147483647;
			files = (
			);
			runOnlyForDeploymentPostprocessing = 0;
		};
		04BF574F1FA76A92000B1914 /* Resources */ = {
			isa = PBXResourcesBuildPhase;
			buildActionMask = 2147483647;
			files = (
			);
			runOnlyForDeploymentPostprocessing = 0;
		};
/* End PBXResourcesBuildPhase section */

/* Begin PBXShellScriptBuildPhase section */
		047550741FA782F100FAE551 /* Carthage */ = {
			isa = PBXShellScriptBuildPhase;
			buildActionMask = 2147483647;
			files = (
			);
			inputPaths = (
				"$(SRCROOT)/Carthage/Build/iOS/Alamofire.framework",
				"$(SRCROOT)/Carthage/Build/iOS/Moya.framework",
				"$(SRCROOT)/Carthage/Build/iOS/Result.framework",
				"$(SRCROOT)/Carthage/Build/iOS/RxCocoa.framework",
				"$(SRCROOT)/Carthage/Build/iOS/RxMoya.framework",
				"$(SRCROOT)/Carthage/Build/iOS/RxSwift.framework",
				"$(SRCROOT)/Carthage/Build/iOS/NSObject_Rx.framework",
				"$(SRCROOT)/Carthage/Build/iOS/RxCache.framework",
				"$(SRCROOT)/Carthage/Build/iOS/RxFeedback.framework",
			);
			name = Carthage;
			outputPaths = (
				"$(BUILT_PRODUCTS_DIR)/$(FRAMEWORKS_FOLDER_PATH)/Alamofire.framework",
				"$(BUILT_PRODUCTS_DIR)/$(FRAMEWORKS_FOLDER_PATH)/Moya.framework",
				"$(BUILT_PRODUCTS_DIR)/$(FRAMEWORKS_FOLDER_PATH)/Result.framework",
				"$(BUILT_PRODUCTS_DIR)/$(FRAMEWORKS_FOLDER_PATH)/RxCocoa.framework",
				"$(BUILT_PRODUCTS_DIR)/$(FRAMEWORKS_FOLDER_PATH)/RxMoya.framework",
				"$(BUILT_PRODUCTS_DIR)/$(FRAMEWORKS_FOLDER_PATH)/RxSwift.framework",
				"$(BUILT_PRODUCTS_DIR)/$(FRAMEWORKS_FOLDER_PATH)/NSObject_Rx.framework",
				"$(BUILT_PRODUCTS_DIR)/$(FRAMEWORKS_FOLDER_PATH)/RxCache.framework",
				"$(BUILT_PRODUCTS_DIR)/$(FRAMEWORKS_FOLDER_PATH)/RxFeedback.framework",
			);
			runOnlyForDeploymentPostprocessing = 0;
			shellPath = /bin/sh;
			shellScript = "/usr/local/bin/carthage copy-frameworks";
		};
/* End PBXShellScriptBuildPhase section */

/* Begin PBXSourcesBuildPhase section */
		04BF572E1FA76A92000B1914 /* Sources */ = {
			isa = PBXSourcesBuildPhase;
			buildActionMask = 2147483647;
			files = (
				53763A191FA834AD0096B2C7 /* HomeEvent.swift in Sources */,
				5359D58B1FAAE36A004A0C95 /* ListUpcomingMovieCommand.swift in Sources */,
				04359DB01FAA8A7C007E1452 /* PrimitiveSequence+Result.swift in Sources */,
				04359DCB1FAA9D76007E1452 /* HomeStateFactory.swift in Sources */,
				04359DBF1FAA94AE007E1452 /* ConfigurationMoyaGateway.swift in Sources */,
				049F16E11FA7961B00A5D280 /* ImageConfiguration.swift in Sources */,
				049F16E91FA7A3F400A5D280 /* Company.swift in Sources */,
				530C47A71FABF549006A1C78 /* PrimitiveSequence+RetryWhen.swift in Sources */,
				04359DB31FAA8BA0007E1452 /* ListPopularMovieCommand.swift in Sources */,
				049F16FD1FA7B2CF00A5D280 /* Environment.swift in Sources */,
				53763A291FA855E50096B2C7 /* ControlEvent+Signal.swift in Sources */,
				049F16F31FA7AE5B00A5D280 /* Page.swift in Sources */,
				5359D5931FAB7869004A0C95 /* ObservableType+Int.swift in Sources */,
				049F17001FA7C57A00A5D280 /* BaseTarget.swift in Sources */,
				5359D58D1FAAE434004A0C95 /* ListDetailMovieCommand.swift in Sources */,
				5359D5891FAAE272004A0C95 /* ListTopRatedMovieCommand.swift in Sources */,
				04BF57381FA76A92000B1914 /* HomeViewController.swift in Sources */,
				5380173C1FA95DC90083EB66 /* MovieGateway.swift in Sources */,
				049F16F81FA7B0ED00A5D280 /* MovieTarget.swift in Sources */,
				5359D58F1FAAE4C3004A0C95 /* ListNowPlayingMovieCommand.swift in Sources */,
				53763A231FA8429B0096B2C7 /* HomeFeedback.swift in Sources */,
				049F16F11FA7ABB400A5D280 /* DateRange.swift in Sources */,
				040194E21FA7DD5D00EDD1F0 /* TargetParameters.swift in Sources */,
				04359DB51FAA9203007E1452 /* MovieGatewayFactory.swift in Sources */,
				049F16ED1FA7A64100A5D280 /* Language.swift in Sources */,
				049F16F51FA7AF2600A5D280 /* PageDate.swift in Sources */,
				53763A201FA83B630096B2C7 /* MovieError.swift in Sources */,
				53763A1E1FA83AB00096B2C7 /* Result.swift in Sources */,
				04359DBB1FAA9456007E1452 /* ConfigurationGateway.swift in Sources */,
				049F16EF1FA7A8B400A5D280 /* Movie.swift in Sources */,
				049F17041FA7D0B700A5D280 /* Functions.swift in Sources */,
				04359DC11FAA952E007E1452 /* ConfigurationGatewayFactory.swift in Sources */,
				049F16E31FA7988A00A5D280 /* Configuration.swift in Sources */,
				04359DBD1FAA946A007E1452 /* MoyaGateway.swift in Sources */,
				5359D5951FAB9753004A0C95 /* Typealiases.swift in Sources */,
				04359DAC1FAA8488007E1452 /* HomeCommand.swift in Sources */,
				049F16EB1FA7A5E800A5D280 /* Country.swift in Sources */,
				049F16FA1FA7B16500A5D280 /* ConfigurationTarget.swift in Sources */,
				53763A1B1FA835590096B2C7 /* HomeState.swift in Sources */,
				04359DB91FAA93F7007E1452 /* MovieMoyaGateway.swift in Sources */,
				5359D5911FAAE524004A0C95 /* ListConfigurationCommand.swift in Sources */,
				049F16E71FA7A20E00A5D280 /* Genre.swift in Sources */,
				04BF57361FA76A92000B1914 /* AppDelegate.swift in Sources */,
				049F16E51FA799BF00A5D280 /* MovieDetail.swift in Sources */,
			);
			runOnlyForDeploymentPostprocessing = 0;
		};
		04BF57421FA76A92000B1914 /* Sources */ = {
			isa = PBXSourcesBuildPhase;
			buildActionMask = 2147483647;
			files = (
				04BF574B1FA76A92000B1914 /* TheMovieDBTests.swift in Sources */,
			);
			runOnlyForDeploymentPostprocessing = 0;
		};
		04BF574D1FA76A92000B1914 /* Sources */ = {
			isa = PBXSourcesBuildPhase;
			buildActionMask = 2147483647;
			files = (
				04BF57561FA76A92000B1914 /* TheMovieDBUITests.swift in Sources */,
			);
			runOnlyForDeploymentPostprocessing = 0;
		};
/* End PBXSourcesBuildPhase section */

/* Begin PBXTargetDependency section */
		04BF57481FA76A92000B1914 /* PBXTargetDependency */ = {
			isa = PBXTargetDependency;
			target = 04BF57311FA76A92000B1914 /* TheMovieDB */;
			targetProxy = 04BF57471FA76A92000B1914 /* PBXContainerItemProxy */;
		};
		04BF57531FA76A92000B1914 /* PBXTargetDependency */ = {
			isa = PBXTargetDependency;
			target = 04BF57311FA76A92000B1914 /* TheMovieDB */;
			targetProxy = 04BF57521FA76A92000B1914 /* PBXContainerItemProxy */;
		};
/* End PBXTargetDependency section */

/* Begin PBXVariantGroup section */
		04BF57391FA76A92000B1914 /* Main.storyboard */ = {
			isa = PBXVariantGroup;
			children = (
				04BF573A1FA76A92000B1914 /* Base */,
			);
			name = Main.storyboard;
			sourceTree = "<group>";
		};
		04BF573E1FA76A92000B1914 /* LaunchScreen.storyboard */ = {
			isa = PBXVariantGroup;
			children = (
				04BF573F1FA76A92000B1914 /* Base */,
			);
			name = LaunchScreen.storyboard;
			sourceTree = "<group>";
		};
/* End PBXVariantGroup section */

/* Begin XCBuildConfiguration section */
		04BF57581FA76A92000B1914 /* Debug */ = {
			isa = XCBuildConfiguration;
			buildSettings = {
				ALWAYS_SEARCH_USER_PATHS = NO;
				API_KEY = 805556f170ab662c04157dd9f5b03b58;
				BASE_URL = "https://api.themoviedb.org/3";
				CLANG_ANALYZER_NONNULL = YES;
				CLANG_ANALYZER_NUMBER_OBJECT_CONVERSION = YES_AGGRESSIVE;
				CLANG_CXX_LANGUAGE_STANDARD = "gnu++14";
				CLANG_CXX_LIBRARY = "libc++";
				CLANG_ENABLE_MODULES = YES;
				CLANG_ENABLE_OBJC_ARC = YES;
				CLANG_WARN_BLOCK_CAPTURE_AUTORELEASING = YES;
				CLANG_WARN_BOOL_CONVERSION = YES;
				CLANG_WARN_COMMA = YES;
				CLANG_WARN_CONSTANT_CONVERSION = YES;
				CLANG_WARN_DIRECT_OBJC_ISA_USAGE = YES_ERROR;
				CLANG_WARN_DOCUMENTATION_COMMENTS = YES;
				CLANG_WARN_EMPTY_BODY = YES;
				CLANG_WARN_ENUM_CONVERSION = YES;
				CLANG_WARN_INFINITE_RECURSION = YES;
				CLANG_WARN_INT_CONVERSION = YES;
				CLANG_WARN_NON_LITERAL_NULL_CONVERSION = YES;
				CLANG_WARN_OBJC_LITERAL_CONVERSION = YES;
				CLANG_WARN_OBJC_ROOT_CLASS = YES_ERROR;
				CLANG_WARN_RANGE_LOOP_ANALYSIS = YES;
				CLANG_WARN_STRICT_PROTOTYPES = YES;
				CLANG_WARN_SUSPICIOUS_MOVE = YES;
				CLANG_WARN_UNGUARDED_AVAILABILITY = YES_AGGRESSIVE;
				CLANG_WARN_UNREACHABLE_CODE = YES;
				CLANG_WARN__DUPLICATE_METHOD_MATCH = YES;
				CODE_SIGN_IDENTITY = "iPhone Developer";
				COPY_PHASE_STRIP = NO;
				DEBUG_ACTIVITY_MODE = "";
				"DEBUG_ACTIVITY_MODE[sdk=iphonesimulator*]" = default;
				DEBUG_INFORMATION_FORMAT = dwarf;
				ENABLE_STRICT_OBJC_MSGSEND = YES;
				ENABLE_TESTABILITY = YES;
				GCC_C_LANGUAGE_STANDARD = gnu11;
				GCC_DYNAMIC_NO_PIC = NO;
				GCC_NO_COMMON_BLOCKS = YES;
				GCC_OPTIMIZATION_LEVEL = 0;
				GCC_PREPROCESSOR_DEFINITIONS = (
					"DEBUG=1",
					"$(inherited)",
				);
				GCC_WARN_64_TO_32_BIT_CONVERSION = YES;
				GCC_WARN_ABOUT_RETURN_TYPE = YES_ERROR;
				GCC_WARN_UNDECLARED_SELECTOR = YES;
				GCC_WARN_UNINITIALIZED_AUTOS = YES_AGGRESSIVE;
				GCC_WARN_UNUSED_FUNCTION = YES;
				GCC_WARN_UNUSED_VARIABLE = YES;
				IPHONEOS_DEPLOYMENT_TARGET = 9.2;
				MTL_ENABLE_DEBUG_INFO = YES;
				ONLY_ACTIVE_ARCH = YES;
				OTHER_SWIFT_FLAGS = "-D DEBUG -Xfrontend -warn-long-function-bodies=120 -Xfrontend -warn-long-expression-type-checking=120";
				SDKROOT = iphoneos;
				SWIFT_ACTIVE_COMPILATION_CONDITIONS = DEBUG;
				SWIFT_OPTIMIZATION_LEVEL = "-Onone";
			};
			name = Debug;
		};
		04BF57591FA76A92000B1914 /* Release */ = {
			isa = XCBuildConfiguration;
			buildSettings = {
				ALWAYS_SEARCH_USER_PATHS = NO;
				API_KEY = 805556f170ab662c04157dd9f5b03b58;
				BASE_URL = "https://api.themoviedb.org/3";
				CLANG_ANALYZER_NONNULL = YES;
				CLANG_ANALYZER_NUMBER_OBJECT_CONVERSION = YES_AGGRESSIVE;
				CLANG_CXX_LANGUAGE_STANDARD = "gnu++14";
				CLANG_CXX_LIBRARY = "libc++";
				CLANG_ENABLE_MODULES = YES;
				CLANG_ENABLE_OBJC_ARC = YES;
				CLANG_WARN_BLOCK_CAPTURE_AUTORELEASING = YES;
				CLANG_WARN_BOOL_CONVERSION = YES;
				CLANG_WARN_COMMA = YES;
				CLANG_WARN_CONSTANT_CONVERSION = YES;
				CLANG_WARN_DIRECT_OBJC_ISA_USAGE = YES_ERROR;
				CLANG_WARN_DOCUMENTATION_COMMENTS = YES;
				CLANG_WARN_EMPTY_BODY = YES;
				CLANG_WARN_ENUM_CONVERSION = YES;
				CLANG_WARN_INFINITE_RECURSION = YES;
				CLANG_WARN_INT_CONVERSION = YES;
				CLANG_WARN_NON_LITERAL_NULL_CONVERSION = YES;
				CLANG_WARN_OBJC_LITERAL_CONVERSION = YES;
				CLANG_WARN_OBJC_ROOT_CLASS = YES_ERROR;
				CLANG_WARN_RANGE_LOOP_ANALYSIS = YES;
				CLANG_WARN_STRICT_PROTOTYPES = YES;
				CLANG_WARN_SUSPICIOUS_MOVE = YES;
				CLANG_WARN_UNGUARDED_AVAILABILITY = YES_AGGRESSIVE;
				CLANG_WARN_UNREACHABLE_CODE = YES;
				CLANG_WARN__DUPLICATE_METHOD_MATCH = YES;
				CODE_SIGN_IDENTITY = "iPhone Developer";
				COPY_PHASE_STRIP = NO;
				DEBUG_ACTIVITY_MODE = "";
				DEBUG_INFORMATION_FORMAT = "dwarf-with-dsym";
				ENABLE_NS_ASSERTIONS = NO;
				ENABLE_STRICT_OBJC_MSGSEND = YES;
				GCC_C_LANGUAGE_STANDARD = gnu11;
				GCC_NO_COMMON_BLOCKS = YES;
				GCC_WARN_64_TO_32_BIT_CONVERSION = YES;
				GCC_WARN_ABOUT_RETURN_TYPE = YES_ERROR;
				GCC_WARN_UNDECLARED_SELECTOR = YES;
				GCC_WARN_UNINITIALIZED_AUTOS = YES_AGGRESSIVE;
				GCC_WARN_UNUSED_FUNCTION = YES;
				GCC_WARN_UNUSED_VARIABLE = YES;
				IPHONEOS_DEPLOYMENT_TARGET = 9.2;
				MTL_ENABLE_DEBUG_INFO = NO;
				SDKROOT = iphoneos;
				SWIFT_OPTIMIZATION_LEVEL = "-Owholemodule";
				VALIDATE_PRODUCT = YES;
			};
			name = Release;
		};
		04BF575B1FA76A92000B1914 /* Debug */ = {
			isa = XCBuildConfiguration;
			buildSettings = {
				ASSETCATALOG_COMPILER_APPICON_NAME = AppIcon;
				CODE_SIGN_STYLE = Automatic;
				DEVELOPMENT_TEAM = LQ5WW9469F;
				FRAMEWORK_SEARCH_PATHS = (
					"$(inherited)",
					"$(PROJECT_DIR)/Carthage/Build/iOS",
				);
				INFOPLIST_FILE = TheMovieDB/Essentials/Info.plist;
				IPHONEOS_DEPLOYMENT_TARGET = 9.2;
				LD_RUNPATH_SEARCH_PATHS = "$(inherited) @executable_path/Frameworks";
				PRODUCT_BUNDLE_IDENTIFIER = "io.swift-yah.TheMovieDB";
				PRODUCT_NAME = "$(TARGET_NAME)";
				SWIFT_VERSION = 4.0;
				TARGETED_DEVICE_FAMILY = "1,2";
			};
			name = Debug;
		};
		04BF575C1FA76A92000B1914 /* Release */ = {
			isa = XCBuildConfiguration;
			buildSettings = {
				ASSETCATALOG_COMPILER_APPICON_NAME = AppIcon;
				CODE_SIGN_STYLE = Automatic;
				DEVELOPMENT_TEAM = LQ5WW9469F;
				FRAMEWORK_SEARCH_PATHS = (
					"$(inherited)",
					"$(PROJECT_DIR)/Carthage/Build/iOS",
				);
				INFOPLIST_FILE = TheMovieDB/Essentials/Info.plist;
				IPHONEOS_DEPLOYMENT_TARGET = 9.2;
				LD_RUNPATH_SEARCH_PATHS = "$(inherited) @executable_path/Frameworks";
				PRODUCT_BUNDLE_IDENTIFIER = "io.swift-yah.TheMovieDB";
				PRODUCT_NAME = "$(TARGET_NAME)";
				SWIFT_VERSION = 4.0;
				TARGETED_DEVICE_FAMILY = "1,2";
			};
			name = Release;
		};
		04BF575E1FA76A92000B1914 /* Debug */ = {
			isa = XCBuildConfiguration;
			buildSettings = {
				ALWAYS_EMBED_SWIFT_STANDARD_LIBRARIES = YES;
				BUNDLE_LOADER = "$(TEST_HOST)";
				CODE_SIGN_STYLE = Automatic;
				DEVELOPMENT_TEAM = LQ5WW9469F;
				INFOPLIST_FILE = TheMovieDBTests/Info.plist;
				LD_RUNPATH_SEARCH_PATHS = "$(inherited) @executable_path/Frameworks @loader_path/Frameworks";
				PRODUCT_BUNDLE_IDENTIFIER = "io.swift-yah.TheMovieDBTests";
				PRODUCT_NAME = "$(TARGET_NAME)";
				SWIFT_VERSION = 4.0;
				TARGETED_DEVICE_FAMILY = "1,2";
				TEST_HOST = "$(BUILT_PRODUCTS_DIR)/TheMovieDB.app/TheMovieDB";
			};
			name = Debug;
		};
		04BF575F1FA76A92000B1914 /* Release */ = {
			isa = XCBuildConfiguration;
			buildSettings = {
				ALWAYS_EMBED_SWIFT_STANDARD_LIBRARIES = YES;
				BUNDLE_LOADER = "$(TEST_HOST)";
				CODE_SIGN_STYLE = Automatic;
				DEVELOPMENT_TEAM = LQ5WW9469F;
				INFOPLIST_FILE = TheMovieDBTests/Info.plist;
				LD_RUNPATH_SEARCH_PATHS = "$(inherited) @executable_path/Frameworks @loader_path/Frameworks";
				PRODUCT_BUNDLE_IDENTIFIER = "io.swift-yah.TheMovieDBTests";
				PRODUCT_NAME = "$(TARGET_NAME)";
				SWIFT_VERSION = 4.0;
				TARGETED_DEVICE_FAMILY = "1,2";
				TEST_HOST = "$(BUILT_PRODUCTS_DIR)/TheMovieDB.app/TheMovieDB";
			};
			name = Release;
		};
		04BF57611FA76A92000B1914 /* Debug */ = {
			isa = XCBuildConfiguration;
			buildSettings = {
				ALWAYS_EMBED_SWIFT_STANDARD_LIBRARIES = YES;
				CODE_SIGN_STYLE = Automatic;
				DEVELOPMENT_TEAM = LQ5WW9469F;
				INFOPLIST_FILE = TheMovieDBUITests/Info.plist;
				LD_RUNPATH_SEARCH_PATHS = "$(inherited) @executable_path/Frameworks @loader_path/Frameworks";
				PRODUCT_BUNDLE_IDENTIFIER = "io.swift-yah.TheMovieDBUITests";
				PRODUCT_NAME = "$(TARGET_NAME)";
				SWIFT_VERSION = 4.0;
				TARGETED_DEVICE_FAMILY = "1,2";
				TEST_TARGET_NAME = TheMovieDB;
			};
			name = Debug;
		};
		04BF57621FA76A92000B1914 /* Release */ = {
			isa = XCBuildConfiguration;
			buildSettings = {
				ALWAYS_EMBED_SWIFT_STANDARD_LIBRARIES = YES;
				CODE_SIGN_STYLE = Automatic;
				DEVELOPMENT_TEAM = LQ5WW9469F;
				INFOPLIST_FILE = TheMovieDBUITests/Info.plist;
				LD_RUNPATH_SEARCH_PATHS = "$(inherited) @executable_path/Frameworks @loader_path/Frameworks";
				PRODUCT_BUNDLE_IDENTIFIER = "io.swift-yah.TheMovieDBUITests";
				PRODUCT_NAME = "$(TARGET_NAME)";
				SWIFT_VERSION = 4.0;
				TARGETED_DEVICE_FAMILY = "1,2";
				TEST_TARGET_NAME = TheMovieDB;
			};
			name = Release;
		};
/* End XCBuildConfiguration section */

/* Begin XCConfigurationList section */
		04BF572D1FA76A92000B1914 /* Build configuration list for PBXProject "TheMovieDB" */ = {
			isa = XCConfigurationList;
			buildConfigurations = (
				04BF57581FA76A92000B1914 /* Debug */,
				04BF57591FA76A92000B1914 /* Release */,
			);
			defaultConfigurationIsVisible = 0;
			defaultConfigurationName = Release;
		};
		04BF575A1FA76A92000B1914 /* Build configuration list for PBXNativeTarget "TheMovieDB" */ = {
			isa = XCConfigurationList;
			buildConfigurations = (
				04BF575B1FA76A92000B1914 /* Debug */,
				04BF575C1FA76A92000B1914 /* Release */,
			);
			defaultConfigurationIsVisible = 0;
			defaultConfigurationName = Release;
		};
		04BF575D1FA76A92000B1914 /* Build configuration list for PBXNativeTarget "TheMovieDBTests" */ = {
			isa = XCConfigurationList;
			buildConfigurations = (
				04BF575E1FA76A92000B1914 /* Debug */,
				04BF575F1FA76A92000B1914 /* Release */,
			);
			defaultConfigurationIsVisible = 0;
			defaultConfigurationName = Release;
		};
		04BF57601FA76A92000B1914 /* Build configuration list for PBXNativeTarget "TheMovieDBUITests" */ = {
			isa = XCConfigurationList;
			buildConfigurations = (
				04BF57611FA76A92000B1914 /* Debug */,
				04BF57621FA76A92000B1914 /* Release */,
			);
			defaultConfigurationIsVisible = 0;
			defaultConfigurationName = Release;
		};
/* End XCConfigurationList section */
	};
	rootObject = 04BF572A1FA76A92000B1914 /* Project object */;
}
